// !$*UTF8*$!
{
	archiveVersion = 1;
	classes = {
	};
	objectVersion = 51;
	objects = {

/* Begin PBXBuildFile section */
		8EACF78608B1B8826DAC7E5E /* Pods_ZynaxAssignment.framework in Frameworks */ = {isa = PBXBuildFile; fileRef = 1B6559CB5FA386FBF5EDCC1C /* Pods_ZynaxAssignment.framework */; };
		CE78023F25644EC8003D6592 /* ColorCollectionViewCell.swift in Sources */ = {isa = PBXBuildFile; fileRef = CE78023D25644EC8003D6592 /* ColorCollectionViewCell.swift */; };
		CE78024025644EC8003D6592 /* ColorCollectionViewCell.xib in Resources */ = {isa = PBXBuildFile; fileRef = CE78023E25644EC8003D6592 /* ColorCollectionViewCell.xib */; };
		CE8646C32563D381004AADF7 /* AppDelegate.swift in Sources */ = {isa = PBXBuildFile; fileRef = CE8646C22563D381004AADF7 /* AppDelegate.swift */; };
		CE8646C52563D381004AADF7 /* SceneDelegate.swift in Sources */ = {isa = PBXBuildFile; fileRef = CE8646C42563D381004AADF7 /* SceneDelegate.swift */; };
		CE8646C72563D381004AADF7 /* ViewController.swift in Sources */ = {isa = PBXBuildFile; fileRef = CE8646C62563D381004AADF7 /* ViewController.swift */; };
		CE8646CA2563D381004AADF7 /* Main.storyboard in Resources */ = {isa = PBXBuildFile; fileRef = CE8646C82563D381004AADF7 /* Main.storyboard */; };
		CE8646CC2563D383004AADF7 /* Assets.xcassets in Resources */ = {isa = PBXBuildFile; fileRef = CE8646CB2563D383004AADF7 /* Assets.xcassets */; };
		CE8646CF2563D383004AADF7 /* LaunchScreen.storyboard in Resources */ = {isa = PBXBuildFile; fileRef = CE8646CD2563D383004AADF7 /* LaunchScreen.storyboard */; };
		CE8646E82563FE36004AADF7 /* NavigationBar.swift in Sources */ = {isa = PBXBuildFile; fileRef = CE8646E62563FE36004AADF7 /* NavigationBar.swift */; };
		CE8646E92563FE36004AADF7 /* NavigationBar.xib in Resources */ = {isa = PBXBuildFile; fileRef = CE8646E72563FE36004AADF7 /* NavigationBar.xib */; };
		CE8646ED256400B9004AADF7 /* IBInspectable.swift in Sources */ = {isa = PBXBuildFile; fileRef = CE8646EC256400B9004AADF7 /* IBInspectable.swift */; };
		CEC4237A2565549A00D0CC6C /* SizeColletionCell.swift in Sources */ = {isa = PBXBuildFile; fileRef = CEC423782565549A00D0CC6C /* SizeColletionCell.swift */; };
		CEC4237B2565549A00D0CC6C /* SizeColletionCell.xib in Resources */ = {isa = PBXBuildFile; fileRef = CEC423792565549A00D0CC6C /* SizeColletionCell.xib */; };
		CEC4237F2565869600D0CC6C /* SliderCollectionCell.swift in Sources */ = {isa = PBXBuildFile; fileRef = CEC4237D2565869600D0CC6C /* SliderCollectionCell.swift */; };
		CEC423802565869600D0CC6C /* SliderCollectionCell.xib in Resources */ = {isa = PBXBuildFile; fileRef = CEC4237E2565869600D0CC6C /* SliderCollectionCell.xib */; };
		CED6A39F2564F3F3001889CE /* TableViewCell.swift in Sources */ = {isa = PBXBuildFile; fileRef = CED6A39D2564F3F3001889CE /* TableViewCell.swift */; };
		CED6A3A02564F3F3001889CE /* TableViewCell.xib in Resources */ = {isa = PBXBuildFile; fileRef = CED6A39E2564F3F3001889CE /* TableViewCell.xib */; };
		CED6A3A525653824001889CE /* OverlayView.swift in Sources */ = {isa = PBXBuildFile; fileRef = CED6A3A325653824001889CE /* OverlayView.swift */; };
		CED6A3A625653824001889CE /* OverlayView.xib in Resources */ = {isa = PBXBuildFile; fileRef = CED6A3A425653824001889CE /* OverlayView.xib */; };
		CED6A3AA25653842001889CE /* PresentationController.swift in Sources */ = {isa = PBXBuildFile; fileRef = CED6A3A925653842001889CE /* PresentationController.swift */; };
/* End PBXBuildFile section */

/* Begin PBXFileReference section */
		1B6559CB5FA386FBF5EDCC1C /* Pods_ZynaxAssignment.framework */ = {isa = PBXFileReference; explicitFileType = wrapper.framework; includeInIndex = 0; path = Pods_ZynaxAssignment.framework; sourceTree = BUILT_PRODUCTS_DIR; };
		AEF5FEF3380C2DE3DD058ABD /* Pods-ZynaxAssignment.release.xcconfig */ = {isa = PBXFileReference; includeInIndex = 1; lastKnownFileType = text.xcconfig; name = "Pods-ZynaxAssignment.release.xcconfig"; path = "Target Support Files/Pods-ZynaxAssignment/Pods-ZynaxAssignment.release.xcconfig"; sourceTree = "<group>"; };
		C51E5026B76ACFA90F18D870 /* Pods-ZynaxAssignment.debug.xcconfig */ = {isa = PBXFileReference; includeInIndex = 1; lastKnownFileType = text.xcconfig; name = "Pods-ZynaxAssignment.debug.xcconfig"; path = "Target Support Files/Pods-ZynaxAssignment/Pods-ZynaxAssignment.debug.xcconfig"; sourceTree = "<group>"; };
		CE78023D25644EC8003D6592 /* ColorCollectionViewCell.swift */ = {isa = PBXFileReference; lastKnownFileType = sourcecode.swift; path = ColorCollectionViewCell.swift; sourceTree = "<group>"; };
		CE78023E25644EC8003D6592 /* ColorCollectionViewCell.xib */ = {isa = PBXFileReference; lastKnownFileType = file.xib; path = ColorCollectionViewCell.xib; sourceTree = "<group>"; };
		CE7802432564634B003D6592 /* Segoe UI.ttf */ = {isa = PBXFileReference; lastKnownFileType = file; path = "Segoe UI.ttf"; sourceTree = "<group>"; };
		CE7802442564634C003D6592 /* Segoe UI Bold Italic.ttf */ = {isa = PBXFileReference; lastKnownFileType = file; path = "Segoe UI Bold Italic.ttf"; sourceTree = "<group>"; };
		CE7802452564634C003D6592 /* Segoe UI Bold.ttf */ = {isa = PBXFileReference; lastKnownFileType = file; path = "Segoe UI Bold.ttf"; sourceTree = "<group>"; };
		CE7802462564634C003D6592 /* Segoe UI Italic.ttf */ = {isa = PBXFileReference; lastKnownFileType = file; path = "Segoe UI Italic.ttf"; sourceTree = "<group>"; };
		CE8646BF2563D381004AADF7 /* ZynaxAssignment.app */ = {isa = PBXFileReference; explicitFileType = wrapper.application; includeInIndex = 0; path = ZynaxAssignment.app; sourceTree = BUILT_PRODUCTS_DIR; };
		CE8646C22563D381004AADF7 /* AppDelegate.swift */ = {isa = PBXFileReference; lastKnownFileType = sourcecode.swift; path = AppDelegate.swift; sourceTree = "<group>"; };
		CE8646C42563D381004AADF7 /* SceneDelegate.swift */ = {isa = PBXFileReference; lastKnownFileType = sourcecode.swift; path = SceneDelegate.swift; sourceTree = "<group>"; };
		CE8646C62563D381004AADF7 /* ViewController.swift */ = {isa = PBXFileReference; lastKnownFileType = sourcecode.swift; path = ViewController.swift; sourceTree = "<group>"; };
		CE8646C92563D381004AADF7 /* Base */ = {isa = PBXFileReference; lastKnownFileType = file.storyboard; name = Base; path = Base.lproj/Main.storyboard; sourceTree = "<group>"; };
		CE8646CB2563D383004AADF7 /* Assets.xcassets */ = {isa = PBXFileReference; lastKnownFileType = folder.assetcatalog; path = Assets.xcassets; sourceTree = "<group>"; };
		CE8646CE2563D383004AADF7 /* Base */ = {isa = PBXFileReference; lastKnownFileType = file.storyboard; name = Base; path = Base.lproj/LaunchScreen.storyboard; sourceTree = "<group>"; };
		CE8646D02563D383004AADF7 /* Info.plist */ = {isa = PBXFileReference; lastKnownFileType = text.plist.xml; path = Info.plist; sourceTree = "<group>"; };
		CE8646E62563FE36004AADF7 /* NavigationBar.swift */ = {isa = PBXFileReference; fileEncoding = 4; lastKnownFileType = sourcecode.swift; path = NavigationBar.swift; sourceTree = "<group>"; };
		CE8646E72563FE36004AADF7 /* NavigationBar.xib */ = {isa = PBXFileReference; fileEncoding = 4; lastKnownFileType = file.xib; path = NavigationBar.xib; sourceTree = "<group>"; };
		CE8646EC256400B9004AADF7 /* IBInspectable.swift */ = {isa = PBXFileReference; fileEncoding = 4; lastKnownFileType = sourcecode.swift; path = IBInspectable.swift; sourceTree = "<group>"; };
		CEC423782565549A00D0CC6C /* SizeColletionCell.swift */ = {isa = PBXFileReference; lastKnownFileType = sourcecode.swift; path = SizeColletionCell.swift; sourceTree = "<group>"; };
		CEC423792565549A00D0CC6C /* SizeColletionCell.xib */ = {isa = PBXFileReference; lastKnownFileType = file.xib; path = SizeColletionCell.xib; sourceTree = "<group>"; };
		CEC4237D2565869600D0CC6C /* SliderCollectionCell.swift */ = {isa = PBXFileReference; lastKnownFileType = sourcecode.swift; path = SliderCollectionCell.swift; sourceTree = "<group>"; };
		CEC4237E2565869600D0CC6C /* SliderCollectionCell.xib */ = {isa = PBXFileReference; lastKnownFileType = file.xib; path = SliderCollectionCell.xib; sourceTree = "<group>"; };
		CED6A39D2564F3F3001889CE /* TableViewCell.swift */ = {isa = PBXFileReference; lastKnownFileType = sourcecode.swift; path = TableViewCell.swift; sourceTree = "<group>"; };
		CED6A39E2564F3F3001889CE /* TableViewCell.xib */ = {isa = PBXFileReference; lastKnownFileType = file.xib; path = TableViewCell.xib; sourceTree = "<group>"; };
		CED6A3A325653824001889CE /* OverlayView.swift */ = {isa = PBXFileReference; fileEncoding = 4; lastKnownFileType = sourcecode.swift; path = OverlayView.swift; sourceTree = "<group>"; };
		CED6A3A425653824001889CE /* OverlayView.xib */ = {isa = PBXFileReference; fileEncoding = 4; lastKnownFileType = file.xib; path = OverlayView.xib; sourceTree = "<group>"; };
		CED6A3A925653842001889CE /* PresentationController.swift */ = {isa = PBXFileReference; fileEncoding = 4; lastKnownFileType = sourcecode.swift; path = PresentationController.swift; sourceTree = "<group>"; };
/* End PBXFileReference section */

/* Begin PBXFrameworksBuildPhase section */
		CE8646BC2563D381004AADF7 /* Frameworks */ = {
			isa = PBXFrameworksBuildPhase;
			buildActionMask = 2147483647;
			files = (
				8EACF78608B1B8826DAC7E5E /* Pods_ZynaxAssignment.framework in Frameworks */,
			);
			runOnlyForDeploymentPostprocessing = 0;
		};
/* End PBXFrameworksBuildPhase section */

/* Begin PBXGroup section */
		321D1F83B238D18AA5BC983F /* Frameworks */ = {
			isa = PBXGroup;
			children = (
				1B6559CB5FA386FBF5EDCC1C /* Pods_ZynaxAssignment.framework */,
			);
			name = Frameworks;
			sourceTree = "<group>";
		};
		5194449DC52C1F8288EDD2AA /* Pods */ = {
			isa = PBXGroup;
			children = (
				C51E5026B76ACFA90F18D870 /* Pods-ZynaxAssignment.debug.xcconfig */,
				AEF5FEF3380C2DE3DD058ABD /* Pods-ZynaxAssignment.release.xcconfig */,
			);
			path = Pods;
			sourceTree = "<group>";
		};
		CE780242256462E1003D6592 /* CustomFonts */ = {
			isa = PBXGroup;
			children = (
				CE7802442564634C003D6592 /* Segoe UI Bold Italic.ttf */,
				CE7802452564634C003D6592 /* Segoe UI Bold.ttf */,
				CE7802462564634C003D6592 /* Segoe UI Italic.ttf */,
				CE7802432564634B003D6592 /* Segoe UI.ttf */,
			);
			path = CustomFonts;
			sourceTree = "<group>";
		};
		CE8646B62563D381004AADF7 = {
			isa = PBXGroup;
			children = (
				CE8646C12563D381004AADF7 /* ZynaxAssignment */,
				CE8646C02563D381004AADF7 /* Products */,
				5194449DC52C1F8288EDD2AA /* Pods */,
				321D1F83B238D18AA5BC983F /* Frameworks */,
			);
			sourceTree = "<group>";
		};
		CE8646C02563D381004AADF7 /* Products */ = {
			isa = PBXGroup;
			children = (
				CE8646BF2563D381004AADF7 /* ZynaxAssignment.app */,
			);
			name = Products;
			sourceTree = "<group>";
		};
		CE8646C12563D381004AADF7 /* ZynaxAssignment */ = {
			isa = PBXGroup;
			children = (
				CE780242256462E1003D6592 /* CustomFonts */,
				CE8646EB25640095004AADF7 /* Extention */,
				CE8646D72563DAE6004AADF7 /* View */,
				CED6A3A825653830001889CE /* Controller */,
				CEA3B1F92565AFE3005D4160 /* Storyboard */,
				CE8646C22563D381004AADF7 /* AppDelegate.swift */,
				CE8646C42563D381004AADF7 /* SceneDelegate.swift */,
				CE8646CB2563D383004AADF7 /* Assets.xcassets */,
				CE8646D02563D383004AADF7 /* Info.plist */,
			);
			path = ZynaxAssignment;
			sourceTree = "<group>";
		};
		CE8646D72563DAE6004AADF7 /* View */ = {
			isa = PBXGroup;
			children = (
				CE8646E62563FE36004AADF7 /* NavigationBar.swift */,
				CE8646E72563FE36004AADF7 /* NavigationBar.xib */,
				CE78023D25644EC8003D6592 /* ColorCollectionViewCell.swift */,
				CE78023E25644EC8003D6592 /* ColorCollectionViewCell.xib */,
				CED6A39D2564F3F3001889CE /* TableViewCell.swift */,
				CED6A39E2564F3F3001889CE /* TableViewCell.xib */,
				CED6A3A325653824001889CE /* OverlayView.swift */,
				CED6A3A425653824001889CE /* OverlayView.xib */,
				CEC423782565549A00D0CC6C /* SizeColletionCell.swift */,
				CEC423792565549A00D0CC6C /* SizeColletionCell.xib */,
				CEC4237D2565869600D0CC6C /* SliderCollectionCell.swift */,
				CEC4237E2565869600D0CC6C /* SliderCollectionCell.xib */,
			);
			path = View;
			sourceTree = "<group>";
		};
		CE8646EB25640095004AADF7 /* Extention */ = {
			isa = PBXGroup;
			children = (
				CE8646EC256400B9004AADF7 /* IBInspectable.swift */,
			);
			path = Extention;
			sourceTree = "<group>";
		};
		CEA3B1F92565AFE3005D4160 /* Storyboard */ = {
			isa = PBXGroup;
			children = (
				CE8646C82563D381004AADF7 /* Main.storyboard */,
				CE8646CD2563D383004AADF7 /* LaunchScreen.storyboard */,
			);
			path = Storyboard;
			sourceTree = "<group>";
		};
		CED6A3A825653830001889CE /* Controller */ = {
			isa = PBXGroup;
			children = (
				CE8646C62563D381004AADF7 /* ViewController.swift */,
				CED6A3A925653842001889CE /* PresentationController.swift */,
			);
			path = Controller;
			sourceTree = "<group>";
		};
/* End PBXGroup section */

/* Begin PBXNativeTarget section */
		CE8646BE2563D381004AADF7 /* ZynaxAssignment */ = {
			isa = PBXNativeTarget;
			buildConfigurationList = CE8646D32563D383004AADF7 /* Build configuration list for PBXNativeTarget "ZynaxAssignment" */;
			buildPhases = (
				5F8AD463097B2B98C00E787C /* [CP] Check Pods Manifest.lock */,
				CE8646BB2563D381004AADF7 /* Sources */,
				CE8646BC2563D381004AADF7 /* Frameworks */,
				CE8646BD2563D381004AADF7 /* Resources */,
				E1A75E856D08B8187FF300B1 /* [CP] Embed Pods Frameworks */,
			);
			buildRules = (
			);
			dependencies = (
			);
			name = ZynaxAssignment;
			productName = ZynaxAssignment;
			productReference = CE8646BF2563D381004AADF7 /* ZynaxAssignment.app */;
			productType = "com.apple.product-type.application";
		};
/* End PBXNativeTarget section */

/* Begin PBXProject section */
		CE8646B72563D381004AADF7 /* Project object */ = {
			isa = PBXProject;
			attributes = {
				LastSwiftUpdateCheck = 1210;
				LastUpgradeCheck = 1210;
				TargetAttributes = {
					CE8646BE2563D381004AADF7 = {
						CreatedOnToolsVersion = 12.1;
					};
				};
			};
			buildConfigurationList = CE8646BA2563D381004AADF7 /* Build configuration list for PBXProject "ZynaxAssignment" */;
			compatibilityVersion = "Xcode 9.3";
			developmentRegion = en;
			hasScannedForEncodings = 0;
			knownRegions = (
				en,
				Base,
			);
			mainGroup = CE8646B62563D381004AADF7;
			productRefGroup = CE8646C02563D381004AADF7 /* Products */;
			projectDirPath = "";
			projectRoot = "";
			targets = (
				CE8646BE2563D381004AADF7 /* ZynaxAssignment */,
			);
		};
/* End PBXProject section */

/* Begin PBXResourcesBuildPhase section */
		CE8646BD2563D381004AADF7 /* Resources */ = {
			isa = PBXResourcesBuildPhase;
			buildActionMask = 2147483647;
			files = (
				CED6A3A625653824001889CE /* OverlayView.xib in Resources */,
				CE8646CF2563D383004AADF7 /* LaunchScreen.storyboard in Resources */,
				CEC4237B2565549A00D0CC6C /* SizeColletionCell.xib in Resources */,
				CED6A3A02564F3F3001889CE /* TableViewCell.xib in Resources */,
				CEC423802565869600D0CC6C /* SliderCollectionCell.xib in Resources */,
				CE8646CC2563D383004AADF7 /* Assets.xcassets in Resources */,
				CE78024025644EC8003D6592 /* ColorCollectionViewCell.xib in Resources */,
				CE8646CA2563D381004AADF7 /* Main.storyboard in Resources */,
				CE8646E92563FE36004AADF7 /* NavigationBar.xib in Resources */,
			);
			runOnlyForDeploymentPostprocessing = 0;
		};
/* End PBXResourcesBuildPhase section */

/* Begin PBXShellScriptBuildPhase section */
		5F8AD463097B2B98C00E787C /* [CP] Check Pods Manifest.lock */ = {
			isa = PBXShellScriptBuildPhase;
			buildActionMask = 2147483647;
			files = (
			);
			inputFileListPaths = (
			);
			inputPaths = (
				"${PODS_PODFILE_DIR_PATH}/Podfile.lock",
				"${PODS_ROOT}/Manifest.lock",
			);
			name = "[CP] Check Pods Manifest.lock";
			outputFileListPaths = (
			);
			outputPaths = (
				"$(DERIVED_FILE_DIR)/Pods-ZynaxAssignment-checkManifestLockResult.txt",
			);
			runOnlyForDeploymentPostprocessing = 0;
			shellPath = /bin/sh;
			shellScript = "diff \"${PODS_PODFILE_DIR_PATH}/Podfile.lock\" \"${PODS_ROOT}/Manifest.lock\" > /dev/null\nif [ $? != 0 ] ; then\n    # print error to STDERR\n    echo \"error: The sandbox is not in sync with the Podfile.lock. Run 'pod install' or update your CocoaPods installation.\" >&2\n    exit 1\nfi\n# This output is used by Xcode 'outputs' to avoid re-running this script phase.\necho \"SUCCESS\" > \"${SCRIPT_OUTPUT_FILE_0}\"\n";
			showEnvVarsInLog = 0;
		};
		E1A75E856D08B8187FF300B1 /* [CP] Embed Pods Frameworks */ = {
			isa = PBXShellScriptBuildPhase;
			buildActionMask = 2147483647;
			files = (
			);
			inputFileListPaths = (
				"${PODS_ROOT}/Target Support Files/Pods-ZynaxAssignment/Pods-ZynaxAssignment-frameworks-${CONFIGURATION}-input-files.xcfilelist",
			);
			name = "[CP] Embed Pods Frameworks";
			outputFileListPaths = (
				"${PODS_ROOT}/Target Support Files/Pods-ZynaxAssignment/Pods-ZynaxAssignment-frameworks-${CONFIGURATION}-output-files.xcfilelist",
			);
			runOnlyForDeploymentPostprocessing = 0;
			shellPath = /bin/sh;
			shellScript = "\"${PODS_ROOT}/Target Support Files/Pods-ZynaxAssignment/Pods-ZynaxAssignment-frameworks.sh\"\n";
			showEnvVarsInLog = 0;
		};
/* End PBXShellScriptBuildPhase section */

/* Begin PBXSourcesBuildPhase section */
		CE8646BB2563D381004AADF7 /* Sources */ = {
			isa = PBXSourcesBuildPhase;
			buildActionMask = 2147483647;
			files = (
				CEC4237A2565549A00D0CC6C /* SizeColletionCell.swift in Sources */,
				CE78023F25644EC8003D6592 /* ColorCollectionViewCell.swift in Sources */,
				CED6A3A525653824001889CE /* OverlayView.swift in Sources */,
				CEC4237F2565869600D0CC6C /* SliderCollectionCell.swift in Sources */,
				CED6A3AA25653842001889CE /* PresentationController.swift in Sources */,
				CE8646C72563D381004AADF7 /* ViewController.swift in Sources */,
				CE8646ED256400B9004AADF7 /* IBInspectable.swift in Sources */,
				CE8646C32563D381004AADF7 /* AppDelegate.swift in Sources */,
				CE8646C52563D381004AADF7 /* SceneDelegate.swift in Sources */,
				CED6A39F2564F3F3001889CE /* TableViewCell.swift in Sources */,
				CE8646E82563FE36004AADF7 /* NavigationBar.swift in Sources */,
			);
			runOnlyForDeploymentPostprocessing = 0;
		};
/* End PBXSourcesBuildPhase section */

/* Begin PBXVariantGroup section */
		CE8646C82563D381004AADF7 /* Main.storyboard */ = {
			isa = PBXVariantGroup;
			children = (
				CE8646C92563D381004AADF7 /* Base */,
			);
			name = Main.storyboard;
			sourceTree = "<group>";
		};
		CE8646CD2563D383004AADF7 /* LaunchScreen.storyboard */ = {
			isa = PBXVariantGroup;
			children = (
				CE8646CE2563D383004AADF7 /* Base */,
			);
			name = LaunchScreen.storyboard;
			sourceTree = "<group>";
		};
/* End PBXVariantGroup section */

/* Begin XCBuildConfiguration section */
		CE8646D12563D383004AADF7 /* Debug */ = {
			isa = XCBuildConfiguration;
			buildSettings = {
				ALWAYS_SEARCH_USER_PATHS = NO;
				CLANG_ANALYZER_NONNULL = YES;
				CLANG_ANALYZER_NUMBER_OBJECT_CONVERSION = YES_AGGRESSIVE;
				CLANG_CXX_LANGUAGE_STANDARD = "gnu++14";
				CLANG_CXX_LIBRARY = "libc++";
				CLANG_ENABLE_MODULES = YES;
				CLANG_ENABLE_OBJC_ARC = YES;
				CLANG_ENABLE_OBJC_WEAK = YES;
				CLANG_WARN_BLOCK_CAPTURE_AUTORELEASING = YES;
				CLANG_WARN_BOOL_CONVERSION = YES;
				CLANG_WARN_COMMA = YES;
				CLANG_WARN_CONSTANT_CONVERSION = YES;
				CLANG_WARN_DEPRECATED_OBJC_IMPLEMENTATIONS = YES;
				CLANG_WARN_DIRECT_OBJC_ISA_USAGE = YES_ERROR;
				CLANG_WARN_DOCUMENTATION_COMMENTS = YES;
				CLANG_WARN_EMPTY_BODY = YES;
				CLANG_WARN_ENUM_CONVERSION = YES;
				CLANG_WARN_INFINITE_RECURSION = YES;
				CLANG_WARN_INT_CONVERSION = YES;
				CLANG_WARN_NON_LITERAL_NULL_CONVERSION = YES;
				CLANG_WARN_OBJC_IMPLICIT_RETAIN_SELF = YES;
				CLANG_WARN_OBJC_LITERAL_CONVERSION = YES;
				CLANG_WARN_OBJC_ROOT_CLASS = YES_ERROR;
				CLANG_WARN_QUOTED_INCLUDE_IN_FRAMEWORK_HEADER = YES;
				CLANG_WARN_RANGE_LOOP_ANALYSIS = YES;
				CLANG_WARN_STRICT_PROTOTYPES = YES;
				CLANG_WARN_SUSPICIOUS_MOVE = YES;
				CLANG_WARN_UNGUARDED_AVAILABILITY = YES_AGGRESSIVE;
				CLANG_WARN_UNREACHABLE_CODE = YES;
				CLANG_WARN__DUPLICATE_METHOD_MATCH = YES;
				COPY_PHASE_STRIP = NO;
				DEBUG_INFORMATION_FORMAT = dwarf;
				ENABLE_STRICT_OBJC_MSGSEND = YES;
				ENABLE_TESTABILITY = YES;
				GCC_C_LANGUAGE_STANDARD = gnu11;
				GCC_DYNAMIC_NO_PIC = NO;
				GCC_NO_COMMON_BLOCKS = YES;
				GCC_OPTIMIZATION_LEVEL = 0;
				GCC_PREPROCESSOR_DEFINITIONS = (
					"DEBUG=1",
					"$(inherited)",
				);
				GCC_WARN_64_TO_32_BIT_CONVERSION = YES;
				GCC_WARN_ABOUT_RETURN_TYPE = YES_ERROR;
				GCC_WARN_UNDECLARED_SELECTOR = YES;
				GCC_WARN_UNINITIALIZED_AUTOS = YES_AGGRESSIVE;
				GCC_WARN_UNUSED_FUNCTION = YES;
				GCC_WARN_UNUSED_VARIABLE = YES;
				IPHONEOS_DEPLOYMENT_TARGET = 14.1;
				MTL_ENABLE_DEBUG_INFO = INCLUDE_SOURCE;
				MTL_FAST_MATH = YES;
				ONLY_ACTIVE_ARCH = YES;
				SDKROOT = iphoneos;
				SWIFT_ACTIVE_COMPILATION_CONDITIONS = DEBUG;
				SWIFT_OPTIMIZATION_LEVEL = "-Onone";
			};
			name = Debug;
		};
		CE8646D22563D383004AADF7 /* Release */ = {
			isa = XCBuildConfiguration;
			buildSettings = {
				ALWAYS_SEARCH_USER_PATHS = NO;
				CLANG_ANALYZER_NONNULL = YES;
				CLANG_ANALYZER_NUMBER_OBJECT_CONVERSION = YES_AGGRESSIVE;
				CLANG_CXX_LANGUAGE_STANDARD = "gnu++14";
				CLANG_CXX_LIBRARY = "libc++";
				CLANG_ENABLE_MODULES = YES;
				CLANG_ENABLE_OBJC_ARC = YES;
				CLANG_ENABLE_OBJC_WEAK = YES;
				CLANG_WARN_BLOCK_CAPTURE_AUTORELEASING = YES;
				CLANG_WARN_BOOL_CONVERSION = YES;
				CLANG_WARN_COMMA = YES;
				CLANG_WARN_CONSTANT_CONVERSION = YES;
				CLANG_WARN_DEPRECATED_OBJC_IMPLEMENTATIONS = YES;
				CLANG_WARN_DIRECT_OBJC_ISA_USAGE = YES_ERROR;
				CLANG_WARN_DOCUMENTATION_COMMENTS = YES;
				CLANG_WARN_EMPTY_BODY = YES;
				CLANG_WARN_ENUM_CONVERSION = YES;
				CLANG_WARN_INFINITE_RECURSION = YES;
				CLANG_WARN_INT_CONVERSION = YES;
				CLANG_WARN_NON_LITERAL_NULL_CONVERSION = YES;
				CLANG_WARN_OBJC_IMPLICIT_RETAIN_SELF = YES;
				CLANG_WARN_OBJC_LITERAL_CONVERSION = YES;
				CLANG_WARN_OBJC_ROOT_CLASS = YES_ERROR;
				CLANG_WARN_QUOTED_INCLUDE_IN_FRAMEWORK_HEADER = YES;
				CLANG_WARN_RANGE_LOOP_ANALYSIS = YES;
				CLANG_WARN_STRICT_PROTOTYPES = YES;
				CLANG_WARN_SUSPICIOUS_MOVE = YES;
				CLANG_WARN_UNGUARDED_AVAILABILITY = YES_AGGRESSIVE;
				CLANG_WARN_UNREACHABLE_CODE = YES;
				CLANG_WARN__DUPLICATE_METHOD_MATCH = YES;
				COPY_PHASE_STRIP = NO;
				DEBUG_INFORMATION_FORMAT = "dwarf-with-dsym";
				ENABLE_NS_ASSERTIONS = NO;
				ENABLE_STRICT_OBJC_MSGSEND = YES;
				GCC_C_LANGUAGE_STANDARD = gnu11;
				GCC_NO_COMMON_BLOCKS = YES;
				GCC_WARN_64_TO_32_BIT_CONVERSION = YES;
				GCC_WARN_ABOUT_RETURN_TYPE = YES_ERROR;
				GCC_WARN_UNDECLARED_SELECTOR = YES;
				GCC_WARN_UNINITIALIZED_AUTOS = YES_AGGRESSIVE;
				GCC_WARN_UNUSED_FUNCTION = YES;
				GCC_WARN_UNUSED_VARIABLE = YES;
				IPHONEOS_DEPLOYMENT_TARGET = 14.1;
				MTL_ENABLE_DEBUG_INFO = NO;
				MTL_FAST_MATH = YES;
				SDKROOT = iphoneos;
				SWIFT_COMPILATION_MODE = wholemodule;
				SWIFT_OPTIMIZATION_LEVEL = "-O";
				VALIDATE_PRODUCT = YES;
			};
			name = Release;
		};
		CE8646D42563D383004AADF7 /* Debug */ = {
			isa = XCBuildConfiguration;
			baseConfigurationReference = C51E5026B76ACFA90F18D870 /* Pods-ZynaxAssignment.debug.xcconfig */;
			buildSettings = {
				ASSETCATALOG_COMPILER_APPICON_NAME = AppIcon;
				ASSETCATALOG_COMPILER_GLOBAL_ACCENT_COLOR_NAME = AccentColor;
				CODE_SIGN_STYLE = Automatic;
				INFOPLIST_FILE = ZynaxAssignment/Info.plist;
				LD_RUNPATH_SEARCH_PATHS = (
					"$(inherited)",
					"@executable_path/Frameworks",
				);
				PRODUCT_BUNDLE_IDENTIFIER = com.ZynaxAssignment;
				PRODUCT_NAME = "$(TARGET_NAME)";
				SWIFT_VERSION = 5.0;
				TARGETED_DEVICE_FAMILY = "1,2";
			};
			name = Debug;
		};
		CE8646D52563D383004AADF7 /* Release */ = {
			isa = XCBuildConfiguration;
			baseConfigurationReference = AEF5FEF3380C2DE3DD058ABD /* Pods-ZynaxAssignment.release.xcconfig */;
			buildSettings = {
				ASSETCATALOG_COMPILER_APPICON_NAME = AppIcon;
				ASSETCATALOG_COMPILER_GLOBAL_ACCENT_COLOR_NAME = AccentColor;
				CODE_SIGN_STYLE = Automatic;
				INFOPLIST_FILE = ZynaxAssignment/Info.plist;
				LD_RUNPATH_SEARCH_PATHS = (
					"$(inherited)",
					"@executable_path/Frameworks",
				);
				PRODUCT_BUNDLE_IDENTIFIER = com.ZynaxAssignment;
				PRODUCT_NAME = "$(TARGET_NAME)";
				SWIFT_VERSION = 5.0;
				TARGETED_DEVICE_FAMILY = "1,2";
			};
			name = Release;
		};
/* End XCBuildConfiguration section */

/* Begin XCConfigurationList section */
		CE8646BA2563D381004AADF7 /* Build configuration list for PBXProject "ZynaxAssignment" */ = {
			isa = XCConfigurationList;
			buildConfigurations = (
				CE8646D12563D383004AADF7 /* Debug */,
				CE8646D22563D383004AADF7 /* Release */,
			);
			defaultConfigurationIsVisible = 0;
			defaultConfigurationName = Release;
		};
		CE8646D32563D383004AADF7 /* Build configuration list for PBXNativeTarget "ZynaxAssignment" */ = {
			isa = XCConfigurationList;
			buildConfigurations = (
				CE8646D42563D383004AADF7 /* Debug */,
				CE8646D52563D383004AADF7 /* Release */,
			);
			defaultConfigurationIsVisible = 0;
			defaultConfigurationName = Release;
		};
/* End XCConfigurationList section */
	};
	rootObject = CE8646B72563D381004AADF7 /* Project object */;
}
